// !$*UTF8*$!
{
	archiveVersion = 1;
	classes = {
	};
	objectVersion = 77;
	objects = {

/* Begin PBXBuildFile section */
		713A6E7D2DA93660001652DC /* CocoaChain in Frameworks */ = {isa = PBXBuildFile; productRef = 713A6E7C2DA93660001652DC /* CocoaChain */; };
		713A6E802DA93680001652DC /* FlexLayout in Frameworks */ = {isa = PBXBuildFile; productRef = 713A6E7F2DA93680001652DC /* FlexLayout */; };
		713A6E832DA9368B001652DC /* PinLayout in Frameworks */ = {isa = PBXBuildFile; productRef = 713A6E822DA9368B001652DC /* PinLayout */; };
		713A6E862DA9388A001652DC /* MarkdownView in Frameworks */ = {isa = PBXBuildFile; productRef = 713A6E852DA9388A001652DC /* MarkdownView */; };
		713A6E892DA938CE001652DC /* RxCocoa in Frameworks */ = {isa = PBXBuildFile; productRef = 713A6E882DA938CE001652DC /* RxCocoa */; };
		713A6E8B2DA938CE001652DC /* RxRelay in Frameworks */ = {isa = PBXBuildFile; productRef = 713A6E8A2DA938CE001652DC /* RxRelay */; };
		713A6E8E2DA938E7001652DC /* ReactorKit in Frameworks */ = {isa = PBXBuildFile; productRef = 713A6E8D2DA938E7001652DC /* ReactorKit */; };
		713A6EBA2DABB3AB001652DC /* ComposableArchitecture in Frameworks */ = {isa = PBXBuildFile; productRef = 713A6EB92DABB3AB001652DC /* ComposableArchitecture */; };
		713EAE872DAD26E900D3BC04 /* GenesicSwiftUI in Frameworks */ = {isa = PBXBuildFile; productRef = 713EAE862DAD26E900D3BC04 /* GenesicSwiftUI */; };
/* End PBXBuildFile section */

/* Begin PBXFileReference section */
		713A6E2B2DA7D9EF001652DC /* Heewok iOS App Resume.app */ = {isa = PBXFileReference; explicitFileType = wrapper.application; includeInIndex = 0; path = "Heewok iOS App Resume.app"; sourceTree = BUILT_PRODUCTS_DIR; };
/* End PBXFileReference section */

/* Begin PBXFileSystemSynchronizedBuildFileExceptionSet section */
		713A6E3D2DA7D9F1001652DC /* Exceptions for "Heewok iOS App Resume" folder in "Heewok iOS App Resume" target */ = {
			isa = PBXFileSystemSynchronizedBuildFileExceptionSet;
			membershipExceptions = (
				Info.plist,
			);
			target = 713A6E2A2DA7D9EF001652DC /* Heewok iOS App Resume */;
		};
/* End PBXFileSystemSynchronizedBuildFileExceptionSet section */

/* Begin PBXFileSystemSynchronizedRootGroup section */
		713A6E2D2DA7D9EF001652DC /* Heewok iOS App Resume */ = {
			isa = PBXFileSystemSynchronizedRootGroup;
			exceptions = (
				713A6E3D2DA7D9F1001652DC /* Exceptions for "Heewok iOS App Resume" folder in "Heewok iOS App Resume" target */,
			);
			path = "Heewok iOS App Resume";
			sourceTree = "<group>";
		};
/* End PBXFileSystemSynchronizedRootGroup section */

/* Begin PBXFrameworksBuildPhase section */
		713A6E282DA7D9EF001652DC /* Frameworks */ = {
			isa = PBXFrameworksBuildPhase;
			buildActionMask = 2147483647;
			files = (
				713A6E8B2DA938CE001652DC /* RxRelay in Frameworks */,
				713A6E832DA9368B001652DC /* PinLayout in Frameworks */,
				713A6E8E2DA938E7001652DC /* ReactorKit in Frameworks */,
				713A6E7D2DA93660001652DC /* CocoaChain in Frameworks */,
				713A6E892DA938CE001652DC /* RxCocoa in Frameworks */,
				713A6E862DA9388A001652DC /* MarkdownView in Frameworks */,
				713A6EBA2DABB3AB001652DC /* ComposableArchitecture in Frameworks */,
				713EAE872DAD26E900D3BC04 /* GenesicSwiftUI in Frameworks */,
				713A6E802DA93680001652DC /* FlexLayout in Frameworks */,
			);
			runOnlyForDeploymentPostprocessing = 0;
		};
/* End PBXFrameworksBuildPhase section */

/* Begin PBXGroup section */
		713A6E222DA7D9EF001652DC = {
			isa = PBXGroup;
			children = (
				713A6E2D2DA7D9EF001652DC /* Heewok iOS App Resume */,
				713A6E2C2DA7D9EF001652DC /* Products */,
			);
			sourceTree = "<group>";
		};
		713A6E2C2DA7D9EF001652DC /* Products */ = {
			isa = PBXGroup;
			children = (
				713A6E2B2DA7D9EF001652DC /* Heewok iOS App Resume.app */,
			);
			name = Products;
			sourceTree = "<group>";
		};
/* End PBXGroup section */

/* Begin PBXNativeTarget section */
		713A6E2A2DA7D9EF001652DC /* Heewok iOS App Resume */ = {
			isa = PBXNativeTarget;
			buildConfigurationList = 713A6E3E2DA7D9F1001652DC /* Build configuration list for PBXNativeTarget "Heewok iOS App Resume" */;
			buildPhases = (
				713A6E272DA7D9EF001652DC /* Sources */,
				713A6E282DA7D9EF001652DC /* Frameworks */,
				713A6E292DA7D9EF001652DC /* Resources */,
			);
			buildRules = (
			);
			dependencies = (
			);
			fileSystemSynchronizedGroups = (
				713A6E2D2DA7D9EF001652DC /* Heewok iOS App Resume */,
			);
			name = "Heewok iOS App Resume";
			packageProductDependencies = (
				713A6E7C2DA93660001652DC /* CocoaChain */,
				713A6E7F2DA93680001652DC /* FlexLayout */,
				713A6E822DA9368B001652DC /* PinLayout */,
				713A6E852DA9388A001652DC /* MarkdownView */,
				713A6E882DA938CE001652DC /* RxCocoa */,
				713A6E8A2DA938CE001652DC /* RxRelay */,
				713A6E8D2DA938E7001652DC /* ReactorKit */,
				713A6EB92DABB3AB001652DC /* ComposableArchitecture */,
				713EAE862DAD26E900D3BC04 /* GenesicSwiftUI */,
			);
			productName = "Heewok iOS App Resume";
			productReference = 713A6E2B2DA7D9EF001652DC /* Heewok iOS App Resume.app */;
			productType = "com.apple.product-type.application";
		};
/* End PBXNativeTarget section */

/* Begin PBXProject section */
		713A6E232DA7D9EF001652DC /* Project object */ = {
			isa = PBXProject;
			attributes = {
				BuildIndependentTargetsInParallel = 1;
				LastSwiftUpdateCheck = 1630;
				LastUpgradeCheck = 1630;
				TargetAttributes = {
					713A6E2A2DA7D9EF001652DC = {
						CreatedOnToolsVersion = 16.3;
					};
				};
			};
			buildConfigurationList = 713A6E262DA7D9EF001652DC /* Build configuration list for PBXProject "Heewok iOS App Resume" */;
			developmentRegion = en;
			hasScannedForEncodings = 0;
			knownRegions = (
				en,
				Base,
				ko,
			);
			mainGroup = 713A6E222DA7D9EF001652DC;
			minimizedProjectReferenceProxies = 1;
			packageReferences = (
				713A6E7B2DA93660001652DC /* XCRemoteSwiftPackageReference "CocoaChain" */,
				713A6E7E2DA93680001652DC /* XCRemoteSwiftPackageReference "FlexLayout" */,
				713A6E812DA9368B001652DC /* XCRemoteSwiftPackageReference "PinLayout" */,
				713A6E842DA9388A001652DC /* XCRemoteSwiftPackageReference "MarkdownView" */,
				713A6E872DA938CE001652DC /* XCRemoteSwiftPackageReference "RxSwift" */,
				713A6E8C2DA938E7001652DC /* XCRemoteSwiftPackageReference "ReactorKit" */,
				713A6EB82DABB3AB001652DC /* XCRemoteSwiftPackageReference "swift-composable-architecture" */,
				713EAE852DAD26E900D3BC04 /* XCLocalSwiftPackageReference "SPM/GenesicSwiftUI" */,
			);
			preferredProjectObjectVersion = 77;
			productRefGroup = 713A6E2C2DA7D9EF001652DC /* Products */;
			projectDirPath = "";
			projectRoot = "";
			targets = (
				713A6E2A2DA7D9EF001652DC /* Heewok iOS App Resume */,
			);
		};
/* End PBXProject section */

/* Begin PBXResourcesBuildPhase section */
		713A6E292DA7D9EF001652DC /* Resources */ = {
			isa = PBXResourcesBuildPhase;
			buildActionMask = 2147483647;
			files = (
			);
			runOnlyForDeploymentPostprocessing = 0;
		};
/* End PBXResourcesBuildPhase section */

/* Begin PBXSourcesBuildPhase section */
		713A6E272DA7D9EF001652DC /* Sources */ = {
			isa = PBXSourcesBuildPhase;
			buildActionMask = 2147483647;
			files = (
			);
			runOnlyForDeploymentPostprocessing = 0;
		};
/* End PBXSourcesBuildPhase section */

/* Begin XCBuildConfiguration section */
		713A6E3F2DA7D9F1001652DC /* Debug */ = {
			isa = XCBuildConfiguration;
			buildSettings = {
				ASSETCATALOG_COMPILER_APPICON_NAME = AppIcon;
				ASSETCATALOG_COMPILER_GLOBAL_ACCENT_COLOR_NAME = AccentColor;
				CODE_SIGN_STYLE = Automatic;
				CURRENT_PROJECT_VERSION = 1;
				DEVELOPMENT_TEAM = 72J2BT27K5;
				GENERATE_INFOPLIST_FILE = YES;
				INFOPLIST_FILE = "Heewok iOS App Resume/Info.plist";
				INFOPLIST_KEY_CFBundleDisplayName = "Heewook Resume";
				INFOPLIST_KEY_LSApplicationCategoryType = "public.app-category.reference";
				INFOPLIST_KEY_UIApplicationSupportsIndirectInputEvents = YES;
				INFOPLIST_KEY_UILaunchStoryboardName = LaunchScreen;
				INFOPLIST_KEY_UIMainStoryboardFile = Main;
				INFOPLIST_KEY_UISupportedInterfaceOrientations_iPad = "UIInterfaceOrientationPortrait UIInterfaceOrientationPortraitUpsideDown UIInterfaceOrientationLandscapeLeft UIInterfaceOrientationLandscapeRight";
				INFOPLIST_KEY_UISupportedInterfaceOrientations_iPhone = "UIInterfaceOrientationPortrait UIInterfaceOrientationLandscapeLeft UIInterfaceOrientationLandscapeRight";
				LD_RUNPATH_SEARCH_PATHS = (
					"$(inherited)",
					"@executable_path/Frameworks",
				);
				MARKETING_VERSION = 1.0;
				PRODUCT_BUNDLE_IDENTIFIER = "person.heewook.Heewok-iOS-App-Resume";
				PRODUCT_NAME = "$(TARGET_NAME)";
				SUPPORTED_PLATFORMS = "iphoneos iphonesimulator";
				SUPPORTS_MACCATALYST = NO;
				SUPPORTS_MAC_DESIGNED_FOR_IPHONE_IPAD = NO;
				SUPPORTS_XR_DESIGNED_FOR_IPHONE_IPAD = NO;
				SWIFT_EMIT_LOC_STRINGS = YES;
				SWIFT_VERSION = 5.0;
				TARGETED_DEVICE_FAMILY = 1;
			};
			name = Debug;
		};
		713A6E402DA7D9F1001652DC /* Release */ = {
			isa = XCBuildConfiguration;
			buildSettings = {
				ASSETCATALOG_COMPILER_APPICON_NAME = AppIcon;
				ASSETCATALOG_COMPILER_GLOBAL_ACCENT_COLOR_NAME = AccentColor;
				CODE_SIGN_STYLE = Automatic;
				CURRENT_PROJECT_VERSION = 1;
				DEVELOPMENT_TEAM = 72J2BT27K5;
				GENERATE_INFOPLIST_FILE = YES;
				INFOPLIST_FILE = "Heewok iOS App Resume/Info.plist";
				INFOPLIST_KEY_CFBundleDisplayName = "Heewook Resume";
				INFOPLIST_KEY_LSApplicationCategoryType = "public.app-category.reference";
				INFOPLIST_KEY_UIApplicationSupportsIndirectInputEvents = YES;
				INFOPLIST_KEY_UILaunchStoryboardName = LaunchScreen;
				INFOPLIST_KEY_UIMainStoryboardFile = Main;
				INFOPLIST_KEY_UISupportedInterfaceOrientations_iPad = "UIInterfaceOrientationPortrait UIInterfaceOrientationPortraitUpsideDown UIInterfaceOrientationLandscapeLeft UIInterfaceOrientationLandscapeRight";
				INFOPLIST_KEY_UISupportedInterfaceOrientations_iPhone = "UIInterfaceOrientationPortrait UIInterfaceOrientationLandscapeLeft UIInterfaceOrientationLandscapeRight";
				LD_RUNPATH_SEARCH_PATHS = (
					"$(inherited)",
					"@executable_path/Frameworks",
				);
				MARKETING_VERSION = 1.0;
				PRODUCT_BUNDLE_IDENTIFIER = "person.heewook.Heewok-iOS-App-Resume";
				PRODUCT_NAME = "$(TARGET_NAME)";
				SUPPORTED_PLATFORMS = "iphoneos iphonesimulator";
				SUPPORTS_MACCATALYST = NO;
				SUPPORTS_MAC_DESIGNED_FOR_IPHONE_IPAD = NO;
				SUPPORTS_XR_DESIGNED_FOR_IPHONE_IPAD = NO;
				SWIFT_EMIT_LOC_STRINGS = YES;
				SWIFT_VERSION = 5.0;
				TARGETED_DEVICE_FAMILY = 1;
			};
			name = Release;
		};
		713A6E412DA7D9F1001652DC /* Debug */ = {
			isa = XCBuildConfiguration;
			buildSettings = {
				ALWAYS_SEARCH_USER_PATHS = NO;
				ASSETCATALOG_COMPILER_GENERATE_SWIFT_ASSET_SYMBOL_EXTENSIONS = YES;
				CLANG_ANALYZER_NONNULL = YES;
				CLANG_ANALYZER_NUMBER_OBJECT_CONVERSION = YES_AGGRESSIVE;
				CLANG_CXX_LANGUAGE_STANDARD = "gnu++20";
				CLANG_ENABLE_MODULES = YES;
				CLANG_ENABLE_OBJC_ARC = YES;
				CLANG_ENABLE_OBJC_WEAK = YES;
				CLANG_WARN_BLOCK_CAPTURE_AUTORELEASING = YES;
				CLANG_WARN_BOOL_CONVERSION = YES;
				CLANG_WARN_COMMA = YES;
				CLANG_WARN_CONSTANT_CONVERSION = YES;
				CLANG_WARN_DEPRECATED_OBJC_IMPLEMENTATIONS = YES;
				CLANG_WARN_DIRECT_OBJC_ISA_USAGE = YES_ERROR;
				CLANG_WARN_DOCUMENTATION_COMMENTS = YES;
				CLANG_WARN_EMPTY_BODY = YES;
				CLANG_WARN_ENUM_CONVERSION = YES;
				CLANG_WARN_INFINITE_RECURSION = YES;
				CLANG_WARN_INT_CONVERSION = YES;
				CLANG_WARN_NON_LITERAL_NULL_CONVERSION = YES;
				CLANG_WARN_OBJC_IMPLICIT_RETAIN_SELF = YES;
				CLANG_WARN_OBJC_LITERAL_CONVERSION = YES;
				CLANG_WARN_OBJC_ROOT_CLASS = YES_ERROR;
				CLANG_WARN_QUOTED_INCLUDE_IN_FRAMEWORK_HEADER = YES;
				CLANG_WARN_RANGE_LOOP_ANALYSIS = YES;
				CLANG_WARN_STRICT_PROTOTYPES = YES;
				CLANG_WARN_SUSPICIOUS_MOVE = YES;
				CLANG_WARN_UNGUARDED_AVAILABILITY = YES_AGGRESSIVE;
				CLANG_WARN_UNREACHABLE_CODE = YES;
				CLANG_WARN__DUPLICATE_METHOD_MATCH = YES;
				COPY_PHASE_STRIP = NO;
				DEBUG_INFORMATION_FORMAT = dwarf;
				DEVELOPMENT_TEAM = 72J2BT27K5;
				ENABLE_STRICT_OBJC_MSGSEND = YES;
				ENABLE_TESTABILITY = YES;
				ENABLE_USER_SCRIPT_SANDBOXING = YES;
				GCC_C_LANGUAGE_STANDARD = gnu17;
				GCC_DYNAMIC_NO_PIC = NO;
				GCC_NO_COMMON_BLOCKS = YES;
				GCC_OPTIMIZATION_LEVEL = 0;
				GCC_PREPROCESSOR_DEFINITIONS = (
					"DEBUG=1",
					"$(inherited)",
				);
				GCC_WARN_64_TO_32_BIT_CONVERSION = YES;
				GCC_WARN_ABOUT_RETURN_TYPE = YES_ERROR;
				GCC_WARN_UNDECLARED_SELECTOR = YES;
				GCC_WARN_UNINITIALIZED_AUTOS = YES_AGGRESSIVE;
				GCC_WARN_UNUSED_FUNCTION = YES;
				GCC_WARN_UNUSED_VARIABLE = YES;
				IPHONEOS_DEPLOYMENT_TARGET = 18.4;
				LOCALIZATION_PREFERS_STRING_CATALOGS = YES;
				MTL_ENABLE_DEBUG_INFO = INCLUDE_SOURCE;
				MTL_FAST_MATH = YES;
				ONLY_ACTIVE_ARCH = YES;
				SDKROOT = iphoneos;
				SWIFT_ACTIVE_COMPILATION_CONDITIONS = "DEBUG $(inherited)";
				SWIFT_EMIT_LOC_STRINGS = YES;
				SWIFT_OPTIMIZATION_LEVEL = "-Onone";
			};
			name = Debug;
		};
		713A6E422DA7D9F1001652DC /* Release */ = {
			isa = XCBuildConfiguration;
			buildSettings = {
				ALWAYS_SEARCH_USER_PATHS = NO;
				ASSETCATALOG_COMPILER_GENERATE_SWIFT_ASSET_SYMBOL_EXTENSIONS = YES;
				CLANG_ANALYZER_NONNULL = YES;
				CLANG_ANALYZER_NUMBER_OBJECT_CONVERSION = YES_AGGRESSIVE;
				CLANG_CXX_LANGUAGE_STANDARD = "gnu++20";
				CLANG_ENABLE_MODULES = YES;
				CLANG_ENABLE_OBJC_ARC = YES;
				CLANG_ENABLE_OBJC_WEAK = YES;
				CLANG_WARN_BLOCK_CAPTURE_AUTORELEASING = YES;
				CLANG_WARN_BOOL_CONVERSION = YES;
				CLANG_WARN_COMMA = YES;
				CLANG_WARN_CONSTANT_CONVERSION = YES;
				CLANG_WARN_DEPRECATED_OBJC_IMPLEMENTATIONS = YES;
				CLANG_WARN_DIRECT_OBJC_ISA_USAGE = YES_ERROR;
				CLANG_WARN_DOCUMENTATION_COMMENTS = YES;
				CLANG_WARN_EMPTY_BODY = YES;
				CLANG_WARN_ENUM_CONVERSION = YES;
				CLANG_WARN_INFINITE_RECURSION = YES;
				CLANG_WARN_INT_CONVERSION = YES;
				CLANG_WARN_NON_LITERAL_NULL_CONVERSION = YES;
				CLANG_WARN_OBJC_IMPLICIT_RETAIN_SELF = YES;
				CLANG_WARN_OBJC_LITERAL_CONVERSION = YES;
				CLANG_WARN_OBJC_ROOT_CLASS = YES_ERROR;
				CLANG_WARN_QUOTED_INCLUDE_IN_FRAMEWORK_HEADER = YES;
				CLANG_WARN_RANGE_LOOP_ANALYSIS = YES;
				CLANG_WARN_STRICT_PROTOTYPES = YES;
				CLANG_WARN_SUSPICIOUS_MOVE = YES;
				CLANG_WARN_UNGUARDED_AVAILABILITY = YES_AGGRESSIVE;
				CLANG_WARN_UNREACHABLE_CODE = YES;
				CLANG_WARN__DUPLICATE_METHOD_MATCH = YES;
				COPY_PHASE_STRIP = NO;
				DEBUG_INFORMATION_FORMAT = "dwarf-with-dsym";
				DEVELOPMENT_TEAM = 72J2BT27K5;
				ENABLE_NS_ASSERTIONS = NO;
				ENABLE_STRICT_OBJC_MSGSEND = YES;
				ENABLE_USER_SCRIPT_SANDBOXING = YES;
				GCC_C_LANGUAGE_STANDARD = gnu17;
				GCC_NO_COMMON_BLOCKS = YES;
				GCC_WARN_64_TO_32_BIT_CONVERSION = YES;
				GCC_WARN_ABOUT_RETURN_TYPE = YES_ERROR;
				GCC_WARN_UNDECLARED_SELECTOR = YES;
				GCC_WARN_UNINITIALIZED_AUTOS = YES_AGGRESSIVE;
				GCC_WARN_UNUSED_FUNCTION = YES;
				GCC_WARN_UNUSED_VARIABLE = YES;
				IPHONEOS_DEPLOYMENT_TARGET = 18.4;
				LOCALIZATION_PREFERS_STRING_CATALOGS = YES;
				MTL_ENABLE_DEBUG_INFO = NO;
				MTL_FAST_MATH = YES;
				SDKROOT = iphoneos;
				SWIFT_COMPILATION_MODE = wholemodule;
				SWIFT_EMIT_LOC_STRINGS = YES;
				VALIDATE_PRODUCT = YES;
			};
			name = Release;
		};
/* End XCBuildConfiguration section */

/* Begin XCConfigurationList section */
		713A6E262DA7D9EF001652DC /* Build configuration list for PBXProject "Heewok iOS App Resume" */ = {
			isa = XCConfigurationList;
			buildConfigurations = (
				713A6E412DA7D9F1001652DC /* Debug */,
				713A6E422DA7D9F1001652DC /* Release */,
			);
			defaultConfigurationIsVisible = 0;
			defaultConfigurationName = Release;
		};
		713A6E3E2DA7D9F1001652DC /* Build configuration list for PBXNativeTarget "Heewok iOS App Resume" */ = {
			isa = XCConfigurationList;
			buildConfigurations = (
				713A6E3F2DA7D9F1001652DC /* Debug */,
				713A6E402DA7D9F1001652DC /* Release */,
			);
			defaultConfigurationIsVisible = 0;
			defaultConfigurationName = Release;
		};
/* End XCConfigurationList section */

/* Begin XCLocalSwiftPackageReference section */
		713EAE852DAD26E900D3BC04 /* XCLocalSwiftPackageReference "SPM/GenesicSwiftUI" */ = {
			isa = XCLocalSwiftPackageReference;
			relativePath = SPM/GenesicSwiftUI;
		};
/* End XCLocalSwiftPackageReference section */

/* Begin XCRemoteSwiftPackageReference section */
		713A6E7B2DA93660001652DC /* XCRemoteSwiftPackageReference "CocoaChain" */ = {
			isa = XCRemoteSwiftPackageReference;
			repositoryURL = "https://github.com/saroby/CocoaChain";
			requirement = {
				branch = main;
				kind = branch;
			};
		};
		713A6E7E2DA93680001652DC /* XCRemoteSwiftPackageReference "FlexLayout" */ = {
			isa = XCRemoteSwiftPackageReference;
			repositoryURL = "https://github.com/layoutBox/FlexLayout";
			requirement = {
				kind = upToNextMajorVersion;
				minimumVersion = 2.2.0;
			};
		};
		713A6E812DA9368B001652DC /* XCRemoteSwiftPackageReference "PinLayout" */ = {
			isa = XCRemoteSwiftPackageReference;
			repositoryURL = "https://github.com/layoutBox/PinLayout";
			requirement = {
				kind = upToNextMajorVersion;
				minimumVersion = 1.10.5;
			};
		};
		713A6E842DA9388A001652DC /* XCRemoteSwiftPackageReference "MarkdownView" */ = {
			isa = XCRemoteSwiftPackageReference;
			repositoryURL = "https://github.com/keitaoouchi/MarkdownView";
			requirement = {
				kind = upToNextMajorVersion;
				minimumVersion = 1.9.1;
			};
		};
		713A6E872DA938CE001652DC /* XCRemoteSwiftPackageReference "RxSwift" */ = {
			isa = XCRemoteSwiftPackageReference;
			repositoryURL = "https://github.com/ReactiveX/RxSwift";
			requirement = {
				kind = upToNextMajorVersion;
				minimumVersion = 6.9.0;
			};
		};
		713A6E8C2DA938E7001652DC /* XCRemoteSwiftPackageReference "ReactorKit" */ = {
			isa = XCRemoteSwiftPackageReference;
			repositoryURL = "https://github.com/ReactorKit/ReactorKit";
			requirement = {
				kind = upToNextMajorVersion;
				minimumVersion = 3.2.0;
			};
		};
		713A6EB82DABB3AB001652DC /* XCRemoteSwiftPackageReference "swift-composable-architecture" */ = {
			isa = XCRemoteSwiftPackageReference;
			repositoryURL = "https://github.com/pointfreeco/swift-composable-architecture";
			requirement = {
				kind = upToNextMajorVersion;
				minimumVersion = 1.19.0;
			};
		};
/* End XCRemoteSwiftPackageReference section */

/* Begin XCSwiftPackageProductDependency section */
		713A6E7C2DA93660001652DC /* CocoaChain */ = {
			isa = XCSwiftPackageProductDependency;
			package = 713A6E7B2DA93660001652DC /* XCRemoteSwiftPackageReference "CocoaChain" */;
			productName = CocoaChain;
		};
		713A6E7F2DA93680001652DC /* FlexLayout */ = {
			isa = XCSwiftPackageProductDependency;
			package = 713A6E7E2DA93680001652DC /* XCRemoteSwiftPackageReference "FlexLayout" */;
			productName = FlexLayout;
		};
		713A6E822DA9368B001652DC /* PinLayout */ = {
			isa = XCSwiftPackageProductDependency;
			package = 713A6E812DA9368B001652DC /* XCRemoteSwiftPackageReference "PinLayout" */;
			productName = PinLayout;
		};
		713A6E852DA9388A001652DC /* MarkdownView */ = {
			isa = XCSwiftPackageProductDependency;
			package = 713A6E842DA9388A001652DC /* XCRemoteSwiftPackageReference "MarkdownView" */;
			productName = MarkdownView;
		};
		713A6E882DA938CE001652DC /* RxCocoa */ = {
			isa = XCSwiftPackageProductDependency;
			package = 713A6E872DA938CE001652DC /* XCRemoteSwiftPackageReference "RxSwift" */;
			productName = RxCocoa;
		};
		713A6E8A2DA938CE001652DC /* RxRelay */ = {
			isa = XCSwiftPackageProductDependency;
			package = 713A6E872DA938CE001652DC /* XCRemoteSwiftPackageReference "RxSwift" */;
			productName = RxRelay;
		};
		713A6E8D2DA938E7001652DC /* ReactorKit */ = {
			isa = XCSwiftPackageProductDependency;
			package = 713A6E8C2DA938E7001652DC /* XCRemoteSwiftPackageReference "ReactorKit" */;
			productName = ReactorKit;
		};
		713A6EB92DABB3AB001652DC /* ComposableArchitecture */ = {
			isa = XCSwiftPackageProductDependency;
			package = 713A6EB82DABB3AB001652DC /* XCRemoteSwiftPackageReference "swift-composable-architecture" */;
			productName = ComposableArchitecture;
		};
		713EAE862DAD26E900D3BC04 /* GenesicSwiftUI */ = {
			isa = XCSwiftPackageProductDependency;
			productName = GenesicSwiftUI;
		};
/* End XCSwiftPackageProductDependency section */
	};
	rootObject = 713A6E232DA7D9EF001652DC /* Project object */;
}
